
Microsoft Visual Studio Solution File, Format Version 12.00
# Visual Studio Version 16
VisualStudioVersion = 16.0.34301.259
MinimumVisualStudioVersion = 10.0.40219.1
Project("{FAE04EC0-301F-11D3-BF4B-00C04F79EFBC}") = "StudioWebsite", "StudioWebsite.csproj", "{1E210CD5-EE8B-4105-BD9A-85167E4F4C3C}"
EndProject
Global
	GlobalSection(SolutionConfigurationPlatforms) = preSolution
		Debug|Any CPU = Debug|Any CPU
		Release|Any CPU = Release|Any CPU
	EndGlobalSection
	GlobalSection(ProjectConfigurationPlatforms) = postSolution
		{1E210CD5-EE8B-4105-BD9A-85167E4F4C3C}.Debug|Any CPU.ActiveCfg = Debug|Any CPU
		{1E210CD5-EE8B-4105-BD9A-85167E4F4C3C}.Debug|Any CPU.Build.0 = Debug|Any CPU
		{1E210CD5-EE8B-4105-BD9A-85167E4F4C3C}.Release|Any CPU.ActiveCfg = Release|Any CPU
		{1E210CD5-EE8B-4105-BD9A-85167E4F4C3C}.Release|Any CPU.Build.0 = Release|Any CPU
	EndGlobalSection
	GlobalSection(SolutionProperties) = preSolution
		HideSolutionNode = FALSE
	EndGlobalSection
	GlobalSection(ExtensibilityGlobals) = postSolution
		SolutionGuid = {B92D8EF5-131D-4854-B697-A69E6EB7BBD1}
	EndGlobalSection
EndGlobal
